
Microsoft Visual Studio Solution File, Format Version 12.00
# Visual Studio Version 16
VisualStudioVersion = 16.0.30907.101
MinimumVisualStudioVersion = 10.0.40219.1
Project("{2150E333-8FDC-42A3-9474-1A3956D46DE8}") = "Services", "Services", "{192273A1-9BDB-4146-98D7-F1E39174D8A7}"
EndProject
Project("{2150E333-8FDC-42A3-9474-1A3956D46DE8}") = "Catalog", "Catalog", "{7631695D-F6C8-4F72-A6A0-F4B994D1829A}"
EndProject
Project("{9A19103F-16F7-4668-BE54-9A1E7A4F7556}") = "Catalog.API", "Services\Catalog\Catalog.API\Catalog.API.csproj", "{57953FFA-7E2E-471C-92A4-50729CF7BFBB}"
EndProject
Project("{E53339B2-1760-4266-BCC7-CA923CBCF16C}") = "docker-compose", "docker-compose.dcproj", "{5A3D0014-D3CC-4AD8-A94B-4490DE68E71D}"
EndProject
Project("{2150E333-8FDC-42A3-9474-1A3956D46DE8}") = "Basket", "Basket", "{6650CB93-0273-496F-B7AC-1344581F8AA2}"
EndProject
Project("{9A19103F-16F7-4668-BE54-9A1E7A4F7556}") = "Basket.API", "Services\Basket\Basket.API\Basket.API.csproj", "{20D183C1-8E71-4CEE-8A93-D5ABDC28F309}"
EndProject
Project("{2150E333-8FDC-42A3-9474-1A3956D46DE8}") = "Discount", "Discount", "{886BA919-C00F-4278-91A9-21474DCA4CD6}"
EndProject
Project("{9A19103F-16F7-4668-BE54-9A1E7A4F7556}") = "Discount.API", "Services\Discount\Discount.API\Discount.API.csproj", "{D038DC20-D9CC-47CE-AFD4-E549448504C4}"
EndProject
Project("{9A19103F-16F7-4668-BE54-9A1E7A4F7556}") = "Discount.Grpc", "Services\Discount\Discount.Grpc\Discount.Grpc.csproj", "{9410FC30-A82C-4E25-8C3D-55783B889BD7}"
EndProject
Project("{2150E333-8FDC-42A3-9474-1A3956D46DE8}") = "Ordering", "Ordering", "{9A1F8EF8-BCCD-4AF1-A2D0-1E2427B317FF}"
EndProject
Project("{9A19103F-16F7-4668-BE54-9A1E7A4F7556}") = "Ordering.API", "Services\Ordering\Ordering.API\Ordering.API.csproj", "{1C0F541B-FFFF-4CE7-93E3-6D9DA732E127}"
EndProject
Project("{9A19103F-16F7-4668-BE54-9A1E7A4F7556}") = "Ordering.Domain", "Services\Ordering\Ordering.Domain\Ordering.Domain.csproj", "{97091AD1-3808-4367-AAB9-A877176280F3}"
EndProject
Project("{9A19103F-16F7-4668-BE54-9A1E7A4F7556}") = "Ordering.Application", "Services\Ordering\Ordering.Application\Ordering.Application.csproj", "{536BA753-09AA-4023-82A1-9FDB3485FF0C}"
EndProject
Project("{9A19103F-16F7-4668-BE54-9A1E7A4F7556}") = "Ordering.Infrastructure", "Services\Ordering\Ordering.Infrastructure\Ordering.Infrastructure.csproj", "{1B67764D-CC73-459F-AA74-5E28C21ED262}"
EndProject
Project("{2150E333-8FDC-42A3-9474-1A3956D46DE8}") = "BuildingBlocks", "BuildingBlocks", "{CF9FA70D-67BA-42D3-823A-B2E5F6E7FD87}"
EndProject
Project("{9A19103F-16F7-4668-BE54-9A1E7A4F7556}") = "EventBus.Messages", "BuildingBlocks\EventBus.Messages\EventBus.Messages.csproj", "{DB66E4EE-4FEB-408A-B17A-CCC9C247DD2B}"
EndProject
Project("{2150E333-8FDC-42A3-9474-1A3956D46DE8}") = "ApiGateways", "ApiGateways", "{FC9FBECD-0F69-4A3E-942E-23D26876BB0B}"
EndProject
Project("{9A19103F-16F7-4668-BE54-9A1E7A4F7556}") = "OcelotApiGw", "ApiGateways\OcelotApiGw\OcelotApiGw.csproj", "{23FB6CD6-F837-4040-8E5C-FC61B15B2B12}"
EndProject
Project("{FAE04EC0-301F-11D3-BF4B-00C04F79EFBC}") = "Shopping.Aggregator", "ApiGateways\Shopping.Aggregator\Shopping.Aggregator.csproj", "{064D6835-147C-4412-A936-0A233F3D4215}"
EndProject
Global
	GlobalSection(SolutionConfigurationPlatforms) = preSolution
		Debug|Any CPU = Debug|Any CPU
		Release|Any CPU = Release|Any CPU
	EndGlobalSection
	GlobalSection(ProjectConfigurationPlatforms) = postSolution
		{57953FFA-7E2E-471C-92A4-50729CF7BFBB}.Debug|Any CPU.ActiveCfg = Debug|Any CPU
		{57953FFA-7E2E-471C-92A4-50729CF7BFBB}.Debug|Any CPU.Build.0 = Debug|Any CPU
		{57953FFA-7E2E-471C-92A4-50729CF7BFBB}.Release|Any CPU.ActiveCfg = Release|Any CPU
		{57953FFA-7E2E-471C-92A4-50729CF7BFBB}.Release|Any CPU.Build.0 = Release|Any CPU
		{5A3D0014-D3CC-4AD8-A94B-4490DE68E71D}.Debug|Any CPU.ActiveCfg = Debug|Any CPU
		{5A3D0014-D3CC-4AD8-A94B-4490DE68E71D}.Debug|Any CPU.Build.0 = Debug|Any CPU
		{5A3D0014-D3CC-4AD8-A94B-4490DE68E71D}.Release|Any CPU.ActiveCfg = Release|Any CPU
		{5A3D0014-D3CC-4AD8-A94B-4490DE68E71D}.Release|Any CPU.Build.0 = Release|Any CPU
		{20D183C1-8E71-4CEE-8A93-D5ABDC28F309}.Debug|Any CPU.ActiveCfg = Debug|Any CPU
		{20D183C1-8E71-4CEE-8A93-D5ABDC28F309}.Debug|Any CPU.Build.0 = Debug|Any CPU
		{20D183C1-8E71-4CEE-8A93-D5ABDC28F309}.Release|Any CPU.ActiveCfg = Release|Any CPU
		{20D183C1-8E71-4CEE-8A93-D5ABDC28F309}.Release|Any CPU.Build.0 = Release|Any CPU
		{D038DC20-D9CC-47CE-AFD4-E549448504C4}.Debug|Any CPU.ActiveCfg = Debug|Any CPU
		{D038DC20-D9CC-47CE-AFD4-E549448504C4}.Debug|Any CPU.Build.0 = Debug|Any CPU
		{D038DC20-D9CC-47CE-AFD4-E549448504C4}.Release|Any CPU.ActiveCfg = Release|Any CPU
		{D038DC20-D9CC-47CE-AFD4-E549448504C4}.Release|Any CPU.Build.0 = Release|Any CPU
		{9410FC30-A82C-4E25-8C3D-55783B889BD7}.Debug|Any CPU.ActiveCfg = Debug|Any CPU
		{9410FC30-A82C-4E25-8C3D-55783B889BD7}.Debug|Any CPU.Build.0 = Debug|Any CPU
		{9410FC30-A82C-4E25-8C3D-55783B889BD7}.Release|Any CPU.ActiveCfg = Release|Any CPU
		{9410FC30-A82C-4E25-8C3D-55783B889BD7}.Release|Any CPU.Build.0 = Release|Any CPU
		{1C0F541B-FFFF-4CE7-93E3-6D9DA732E127}.Debug|Any CPU.ActiveCfg = Debug|Any CPU
		{1C0F541B-FFFF-4CE7-93E3-6D9DA732E127}.Debug|Any CPU.Build.0 = Debug|Any CPU
		{1C0F541B-FFFF-4CE7-93E3-6D9DA732E127}.Release|Any CPU.ActiveCfg = Release|Any CPU
		{1C0F541B-FFFF-4CE7-93E3-6D9DA732E127}.Release|Any CPU.Build.0 = Release|Any CPU
		{97091AD1-3808-4367-AAB9-A877176280F3}.Debug|Any CPU.ActiveCfg = Debug|Any CPU
		{97091AD1-3808-4367-AAB9-A877176280F3}.Debug|Any CPU.Build.0 = Debug|Any CPU
		{97091AD1-3808-4367-AAB9-A877176280F3}.Release|Any CPU.ActiveCfg = Release|Any CPU
		{97091AD1-3808-4367-AAB9-A877176280F3}.Release|Any CPU.Build.0 = Release|Any CPU
		{536BA753-09AA-4023-82A1-9FDB3485FF0C}.Debug|Any CPU.ActiveCfg = Debug|Any CPU
		{536BA753-09AA-4023-82A1-9FDB3485FF0C}.Debug|Any CPU.Build.0 = Debug|Any CPU
		{536BA753-09AA-4023-82A1-9FDB3485FF0C}.Release|Any CPU.ActiveCfg = Release|Any CPU
		{536BA753-09AA-4023-82A1-9FDB3485FF0C}.Release|Any CPU.Build.0 = Release|Any CPU
		{1B67764D-CC73-459F-AA74-5E28C21ED262}.Debug|Any CPU.ActiveCfg = Debug|Any CPU
		{1B67764D-CC73-459F-AA74-5E28C21ED262}.Debug|Any CPU.Build.0 = Debug|Any CPU
		{1B67764D-CC73-459F-AA74-5E28C21ED262}.Release|Any CPU.ActiveCfg = Release|Any CPU
		{1B67764D-CC73-459F-AA74-5E28C21ED262}.Release|Any CPU.Build.0 = Release|Any CPU
		{DB66E4EE-4FEB-408A-B17A-CCC9C247DD2B}.Debug|Any CPU.ActiveCfg = Debug|Any CPU
		{DB66E4EE-4FEB-408A-B17A-CCC9C247DD2B}.Debug|Any CPU.Build.0 = Debug|Any CPU
		{DB66E4EE-4FEB-408A-B17A-CCC9C247DD2B}.Release|Any CPU.ActiveCfg = Release|Any CPU
		{DB66E4EE-4FEB-408A-B17A-CCC9C247DD2B}.Release|Any CPU.Build.0 = Release|Any CPU
		{23FB6CD6-F837-4040-8E5C-FC61B15B2B12}.Debug|Any CPU.ActiveCfg = Debug|Any CPU
		{23FB6CD6-F837-4040-8E5C-FC61B15B2B12}.Debug|Any CPU.Build.0 = Debug|Any CPU
		{23FB6CD6-F837-4040-8E5C-FC61B15B2B12}.Release|Any CPU.ActiveCfg = Release|Any CPU
		{23FB6CD6-F837-4040-8E5C-FC61B15B2B12}.Release|Any CPU.Build.0 = Release|Any CPU
		{064D6835-147C-4412-A936-0A233F3D4215}.Debug|Any CPU.ActiveCfg = Debug|Any CPU
		{064D6835-147C-4412-A936-0A233F3D4215}.Debug|Any CPU.Build.0 = Debug|Any CPU
		{064D6835-147C-4412-A936-0A233F3D4215}.Release|Any CPU.ActiveCfg = Release|Any CPU
		{064D6835-147C-4412-A936-0A233F3D4215}.Release|Any CPU.Build.0 = Release|Any CPU
	EndGlobalSection
	GlobalSection(SolutionProperties) = preSolution
		HideSolutionNode = FALSE
	EndGlobalSection
	GlobalSection(NestedProjects) = preSolution
		{7631695D-F6C8-4F72-A6A0-F4B994D1829A} = {192273A1-9BDB-4146-98D7-F1E39174D8A7}
		{57953FFA-7E2E-471C-92A4-50729CF7BFBB} = {7631695D-F6C8-4F72-A6A0-F4B994D1829A}
		{6650CB93-0273-496F-B7AC-1344581F8AA2} = {192273A1-9BDB-4146-98D7-F1E39174D8A7}
		{20D183C1-8E71-4CEE-8A93-D5ABDC28F309} = {6650CB93-0273-496F-B7AC-1344581F8AA2}
		{886BA919-C00F-4278-91A9-21474DCA4CD6} = {192273A1-9BDB-4146-98D7-F1E39174D8A7}
		{D038DC20-D9CC-47CE-AFD4-E549448504C4} = {886BA919-C00F-4278-91A9-21474DCA4CD6}
		{9410FC30-A82C-4E25-8C3D-55783B889BD7} = {886BA919-C00F-4278-91A9-21474DCA4CD6}
		{9A1F8EF8-BCCD-4AF1-A2D0-1E2427B317FF} = {192273A1-9BDB-4146-98D7-F1E39174D8A7}
		{1C0F541B-FFFF-4CE7-93E3-6D9DA732E127} = {9A1F8EF8-BCCD-4AF1-A2D0-1E2427B317FF}
		{97091AD1-3808-4367-AAB9-A877176280F3} = {9A1F8EF8-BCCD-4AF1-A2D0-1E2427B317FF}
		{536BA753-09AA-4023-82A1-9FDB3485FF0C} = {9A1F8EF8-BCCD-4AF1-A2D0-1E2427B317FF}
		{1B67764D-CC73-459F-AA74-5E28C21ED262} = {9A1F8EF8-BCCD-4AF1-A2D0-1E2427B317FF}
		{DB66E4EE-4FEB-408A-B17A-CCC9C247DD2B} = {CF9FA70D-67BA-42D3-823A-B2E5F6E7FD87}
		{23FB6CD6-F837-4040-8E5C-FC61B15B2B12} = {FC9FBECD-0F69-4A3E-942E-23D26876BB0B}
		{064D6835-147C-4412-A936-0A233F3D4215} = {FC9FBECD-0F69-4A3E-942E-23D26876BB0B}
	EndGlobalSection
	GlobalSection(ExtensibilityGlobals) = postSolution
		SolutionGuid = {055A20D2-F3E7-4146-98F7-E3050F6361F7}
	EndGlobalSection
EndGlobal
